
Microsoft Visual Studio Solution File, Format Version 12.00
# Visual Studio Version 17
VisualStudioVersion = 17.4.33122.133
MinimumVisualStudioVersion = 10.0.40219.1
Project("{FAE04EC0-301F-11D3-BF4B-00C04F79EFBC}") = "WebApplication1", "WebApplication1\WebApplication1.csproj", "{B412E993-6EB1-4BEC-82DA-BF799A92BAB9}"
EndProject
Global
	GlobalSection(SolutionConfigurationPlatforms) = preSolution
		Debug|Any CPU = Debug|Any CPU
		Release|Any CPU = Release|Any CPU
	EndGlobalSection
	GlobalSection(ProjectConfigurationPlatforms) = postSolution
		{B412E993-6EB1-4BEC-82DA-BF799A92BAB9}.Debug|Any CPU.ActiveCfg = Debug|Any CPU
		{B412E993-6EB1-4BEC-82DA-BF799A92BAB9}.Debug|Any CPU.Build.0 = Debug|Any CPU
		{B412E993-6EB1-4BEC-82DA-BF799A92BAB9}.Release|Any CPU.ActiveCfg = Release|Any CPU
		{B412E993-6EB1-4BEC-82DA-BF799A92BAB9}.Release|Any CPU.Build.0 = Release|Any CPU
	EndGlobalSection
	GlobalSection(SolutionProperties) = preSolution
		HideSolutionNode = FALSE
	EndGlobalSection
	GlobalSection(ExtensibilityGlobals) = postSolution
		SolutionGuid = {CD73D4DE-75B1-4B30-B273-CF18989FFA02}
	EndGlobalSection
EndGlobal
